
Microsoft Visual Studio Solution File, Format Version 12.00
# Visual Studio Version 17
VisualStudioVersion = 17.6.33723.286
MinimumVisualStudioVersion = 10.0.40219.1
Project("{FAE04EC0-301F-11D3-BF4B-00C04F79EFBC}") = "Tuan03_LeNguyenHoangThong", "Bai1\Tuan03_LeNguyenHoangThong.csproj", "{7292AE96-4960-4B98-916F-46D9187BE91F}"
EndProject
Global
	GlobalSection(SolutionConfigurationPlatforms) = preSolution
		Debug|Any CPU = Debug|Any CPU
		Release|Any CPU = Release|Any CPU
	EndGlobalSection
	GlobalSection(ProjectConfigurationPlatforms) = postSolution
		{7292AE96-4960-4B98-916F-46D9187BE91F}.Debug|Any CPU.ActiveCfg = Debug|Any CPU
		{7292AE96-4960-4B98-916F-46D9187BE91F}.Debug|Any CPU.Build.0 = Debug|Any CPU
		{7292AE96-4960-4B98-916F-46D9187BE91F}.Release|Any CPU.ActiveCfg = Release|Any CPU
		{7292AE96-4960-4B98-916F-46D9187BE91F}.Release|Any CPU.Build.0 = Release|Any CPU
	EndGlobalSection
	GlobalSection(SolutionProperties) = preSolution
		HideSolutionNode = FALSE
	EndGlobalSection
	GlobalSection(ExtensibilityGlobals) = postSolution
		SolutionGuid = {88906EA8-C81D-4BA9-993E-81358EA5CE9F}
	EndGlobalSection
EndGlobal
