
Microsoft Visual Studio Solution File, Format Version 12.00
Project("{FAE04EC0-301F-11D3-BF4B-00C04F79EFBC}") = "Bai5", "Bai5.csproj", "{1A10C6EE-7639-473C-9002-FA026379D22D}"
EndProject
Project("{FAE04EC0-301F-11D3-BF4B-00C04F79EFBC}") = "Bai7", "..\Bai7\Bai7.csproj", "{F4011140-C1CE-4D03-B676-9A932C7E7AA7}"
EndProject
Project("{FAE04EC0-301F-11D3-BF4B-00C04F79EFBC}") = "Bai8", "..\Bai8\Bai8.csproj", "{5E84D4E7-6368-45DD-A6D9-7054B8795A74}"
EndProject
Project("{FAE04EC0-301F-11D3-BF4B-00C04F79EFBC}") = "Bai9", "..\Bai9\Bai9.csproj", "{1260CF31-5762-467D-AF64-EC759322CC22}"
EndProject
Project("{FAE04EC0-301F-11D3-BF4B-00C04F79EFBC}") = "Bai10", "..\Bai10\Bai10.csproj", "{CF9FD7B5-F78E-49F3-BCFC-DBA79972E30C}"
EndProject
Project("{FAE04EC0-301F-11D3-BF4B-00C04F79EFBC}") = "Bai11", "..\Bai11\Bai11.csproj", "{382E1A08-E069-4E2C-9C7A-7849BE57B620}"
EndProject
Project("{FAE04EC0-301F-11D3-BF4B-00C04F79EFBC}") = "Bai12", "..\Bai12\Bai12.csproj", "{E8D6E0DE-8536-4F7A-90BC-2DBB3F6C8292}"
EndProject
Project("{FAE04EC0-301F-11D3-BF4B-00C04F79EFBC}") = "Bai13", "..\Bai13\Bai13.csproj", "{02B6F28E-AFB3-4D9B-BAD6-4A99B853E808}"
EndProject
Project("{FAE04EC0-301F-11D3-BF4B-00C04F79EFBC}") = "Bai14", "..\Bai14\Bai14.csproj", "{C92C9401-575B-4341-BF9E-8D2F0AC9ABBC}"
EndProject
Project("{FAE04EC0-301F-11D3-BF4B-00C04F79EFBC}") = "Bai15", "..\Bai15\Bai15.csproj", "{3AF4653B-AD3F-4DB7-AF3B-55EC3B3AD2DF}"
EndProject
Global
	GlobalSection(SolutionConfigurationPlatforms) = preSolution
		Debug|Any CPU = Debug|Any CPU
		Release|Any CPU = Release|Any CPU
	EndGlobalSection
	GlobalSection(ProjectConfigurationPlatforms) = postSolution
		{1A10C6EE-7639-473C-9002-FA026379D22D}.Debug|Any CPU.ActiveCfg = Debug|Any CPU
		{1A10C6EE-7639-473C-9002-FA026379D22D}.Debug|Any CPU.Build.0 = Debug|Any CPU
		{1A10C6EE-7639-473C-9002-FA026379D22D}.Release|Any CPU.ActiveCfg = Release|Any CPU
		{1A10C6EE-7639-473C-9002-FA026379D22D}.Release|Any CPU.Build.0 = Release|Any CPU
		{F4011140-C1CE-4D03-B676-9A932C7E7AA7}.Debug|Any CPU.ActiveCfg = Debug|Any CPU
		{F4011140-C1CE-4D03-B676-9A932C7E7AA7}.Debug|Any CPU.Build.0 = Debug|Any CPU
		{F4011140-C1CE-4D03-B676-9A932C7E7AA7}.Release|Any CPU.ActiveCfg = Release|Any CPU
		{F4011140-C1CE-4D03-B676-9A932C7E7AA7}.Release|Any CPU.Build.0 = Release|Any CPU
		{5E84D4E7-6368-45DD-A6D9-7054B8795A74}.Debug|Any CPU.ActiveCfg = Debug|Any CPU
		{5E84D4E7-6368-45DD-A6D9-7054B8795A74}.Debug|Any CPU.Build.0 = Debug|Any CPU
		{5E84D4E7-6368-45DD-A6D9-7054B8795A74}.Release|Any CPU.ActiveCfg = Release|Any CPU
		{5E84D4E7-6368-45DD-A6D9-7054B8795A74}.Release|Any CPU.Build.0 = Release|Any CPU
		{1260CF31-5762-467D-AF64-EC759322CC22}.Debug|Any CPU.ActiveCfg = Debug|Any CPU
		{1260CF31-5762-467D-AF64-EC759322CC22}.Debug|Any CPU.Build.0 = Debug|Any CPU
		{1260CF31-5762-467D-AF64-EC759322CC22}.Release|Any CPU.ActiveCfg = Release|Any CPU
		{1260CF31-5762-467D-AF64-EC759322CC22}.Release|Any CPU.Build.0 = Release|Any CPU
		{CF9FD7B5-F78E-49F3-BCFC-DBA79972E30C}.Debug|Any CPU.ActiveCfg = Debug|Any CPU
		{CF9FD7B5-F78E-49F3-BCFC-DBA79972E30C}.Debug|Any CPU.Build.0 = Debug|Any CPU
		{CF9FD7B5-F78E-49F3-BCFC-DBA79972E30C}.Release|Any CPU.ActiveCfg = Release|Any CPU
		{CF9FD7B5-F78E-49F3-BCFC-DBA79972E30C}.Release|Any CPU.Build.0 = Release|Any CPU
		{382E1A08-E069-4E2C-9C7A-7849BE57B620}.Debug|Any CPU.ActiveCfg = Debug|Any CPU
		{382E1A08-E069-4E2C-9C7A-7849BE57B620}.Debug|Any CPU.Build.0 = Debug|Any CPU
		{382E1A08-E069-4E2C-9C7A-7849BE57B620}.Release|Any CPU.ActiveCfg = Release|Any CPU
		{382E1A08-E069-4E2C-9C7A-7849BE57B620}.Release|Any CPU.Build.0 = Release|Any CPU
		{E8D6E0DE-8536-4F7A-90BC-2DBB3F6C8292}.Debug|Any CPU.ActiveCfg = Debug|Any CPU
		{E8D6E0DE-8536-4F7A-90BC-2DBB3F6C8292}.Debug|Any CPU.Build.0 = Debug|Any CPU
		{E8D6E0DE-8536-4F7A-90BC-2DBB3F6C8292}.Release|Any CPU.ActiveCfg = Release|Any CPU
		{E8D6E0DE-8536-4F7A-90BC-2DBB3F6C8292}.Release|Any CPU.Build.0 = Release|Any CPU
		{02B6F28E-AFB3-4D9B-BAD6-4A99B853E808}.Debug|Any CPU.ActiveCfg = Debug|Any CPU
		{02B6F28E-AFB3-4D9B-BAD6-4A99B853E808}.Debug|Any CPU.Build.0 = Debug|Any CPU
		{02B6F28E-AFB3-4D9B-BAD6-4A99B853E808}.Release|Any CPU.ActiveCfg = Release|Any CPU
		{02B6F28E-AFB3-4D9B-BAD6-4A99B853E808}.Release|Any CPU.Build.0 = Release|Any CPU
		{C92C9401-575B-4341-BF9E-8D2F0AC9ABBC}.Debug|Any CPU.ActiveCfg = Debug|Any CPU
		{C92C9401-575B-4341-BF9E-8D2F0AC9ABBC}.Debug|Any CPU.Build.0 = Debug|Any CPU
		{C92C9401-575B-4341-BF9E-8D2F0AC9ABBC}.Release|Any CPU.ActiveCfg = Release|Any CPU
		{C92C9401-575B-4341-BF9E-8D2F0AC9ABBC}.Release|Any CPU.Build.0 = Release|Any CPU
		{3AF4653B-AD3F-4DB7-AF3B-55EC3B3AD2DF}.Debug|Any CPU.ActiveCfg = Debug|Any CPU
		{3AF4653B-AD3F-4DB7-AF3B-55EC3B3AD2DF}.Debug|Any CPU.Build.0 = Debug|Any CPU
		{3AF4653B-AD3F-4DB7-AF3B-55EC3B3AD2DF}.Release|Any CPU.ActiveCfg = Release|Any CPU
		{3AF4653B-AD3F-4DB7-AF3B-55EC3B3AD2DF}.Release|Any CPU.Build.0 = Release|Any CPU
	EndGlobalSection
EndGlobal
