
Microsoft Visual Studio Solution File, Format Version 12.00
# Visual Studio Version 17
VisualStudioVersion = 17.6.33723.286
MinimumVisualStudioVersion = 10.0.40219.1
Project("{9A19103F-16F7-4668-BE54-9A1E7A4F7556}") = "0306221377_LeNguyenHoangThong_ListBox", "0306221377_LeNguyenHoangThong\0306221377_LeNguyenHoangThong_ListBox.csproj", "{9A69BCE7-371C-461C-B8C2-0BE9B8D23CF2}"
EndProject
Project("{FAE04EC0-301F-11D3-BF4B-00C04F79EFBC}") = "0306221377_LeNguyenHoangThong_CheckedListBox", "0306221377_LeNguyenHoangThong_CheckedListBox\0306221377_LeNguyenHoangThong_CheckedListBox.csproj", "{9CE123CC-D0EE-451E-93EE-986B25DA809A}"
EndProject
Project("{FAE04EC0-301F-11D3-BF4B-00C04F79EFBC}") = "0306221377_LeNguyenHoangThong_ComboBox", "0306221377_LeNguyenHoangThong_ComboBox\0306221377_LeNguyenHoangThong_ComboBox.csproj", "{884BEB74-A887-4DAA-A6FB-79F00444592C}"
EndProject
Global
	GlobalSection(SolutionConfigurationPlatforms) = preSolution
		Debug|Any CPU = Debug|Any CPU
		Release|Any CPU = Release|Any CPU
	EndGlobalSection
	GlobalSection(ProjectConfigurationPlatforms) = postSolution
		{9A69BCE7-371C-461C-B8C2-0BE9B8D23CF2}.Debug|Any CPU.ActiveCfg = Debug|Any CPU
		{9A69BCE7-371C-461C-B8C2-0BE9B8D23CF2}.Debug|Any CPU.Build.0 = Debug|Any CPU
		{9A69BCE7-371C-461C-B8C2-0BE9B8D23CF2}.Release|Any CPU.ActiveCfg = Release|Any CPU
		{9A69BCE7-371C-461C-B8C2-0BE9B8D23CF2}.Release|Any CPU.Build.0 = Release|Any CPU
		{9CE123CC-D0EE-451E-93EE-986B25DA809A}.Debug|Any CPU.ActiveCfg = Debug|Any CPU
		{9CE123CC-D0EE-451E-93EE-986B25DA809A}.Debug|Any CPU.Build.0 = Debug|Any CPU
		{9CE123CC-D0EE-451E-93EE-986B25DA809A}.Release|Any CPU.ActiveCfg = Release|Any CPU
		{9CE123CC-D0EE-451E-93EE-986B25DA809A}.Release|Any CPU.Build.0 = Release|Any CPU
		{884BEB74-A887-4DAA-A6FB-79F00444592C}.Debug|Any CPU.ActiveCfg = Debug|Any CPU
		{884BEB74-A887-4DAA-A6FB-79F00444592C}.Debug|Any CPU.Build.0 = Debug|Any CPU
		{884BEB74-A887-4DAA-A6FB-79F00444592C}.Release|Any CPU.ActiveCfg = Release|Any CPU
		{884BEB74-A887-4DAA-A6FB-79F00444592C}.Release|Any CPU.Build.0 = Release|Any CPU
	EndGlobalSection
	GlobalSection(SolutionProperties) = preSolution
		HideSolutionNode = FALSE
	EndGlobalSection
	GlobalSection(ExtensibilityGlobals) = postSolution
		SolutionGuid = {7E9EF2A8-DDF3-417E-9690-137AF2525F2D}
	EndGlobalSection
EndGlobal
